github.com/go-ricrob/exec v0.0.12 h1:jZOSzHIVYHKI1gaK4JXnUnPlSmsjB5JKR8TucdX1GOk=
github.com/go-ricrob/exec v0.0.12/go.mod h1:v9k5K135jIunTgOoL3SotHzM7+lp7GFqN5HK6AyBKSw=
github.com/go-ricrob/game v0.0.7 h1:n5V6nQIjVEhGwF+zgED5rkcmJcvVsZjHAdISa24xhP0=
github.com/go-ricrob/game v0.0.7/go.mod h1:zE5dxYxDSBK1vZHyOzEG/C/yk6DNRXMA5UXFuHUUWF0=
golang.org/x/exp v0.0.0-20230801115018-d63ba01acd4b h1:r+vk0EmXNmekl0S0BascoeeoHk/L7wmaW2QF90K+kYI=
golang.org/x/exp v0.0.0-20230801115018-d63ba01acd4b/go.mod h1:FXUEEKJgO7OQYeo8N01OfiKP8RXMtf6e8aTskBGqWdc=
